# This file is automatically @generated by Cargo.
# It is not intended for manual editing.
[[package]]
name = "beryllium"
version = "0.2.0-alpha.5"
source = "registry+https://github.com/rust-lang/crates.io-index"
checksum = "b0067ab165ff878b6beab38edceb0436753a9a5b7a0b7b820e8400c7015d2beb"
dependencies = [
 "fermium",
 "objc",
]

[[package]]
name = "bytemuck"
version = "1.5.0"
source = "registry+https://github.com/rust-lang/crates.io-index"
checksum = "5a4bad0c5981acc24bc09e532f35160f952e35422603f0563cd7a73c2c2e65a0"

[[package]]
name = "fermium"
version = "0.1.4"
source = "registry+https://github.com/rust-lang/crates.io-index"
checksum = "e0db7d98893b18bff24e14593a05ff0dccba8cc6ed795dce5623213acffda87d"
dependencies = [
 "libc",
]

[[package]]
name = "imagine"
version = "0.0.5"
source = "registry+https://github.com/rust-lang/crates.io-index"
checksum = "b66f20ef575a7087eed611a0d4ff4bd624d24bf9c63b4d614d2d8823090af75b"
dependencies = [
 "bytemuck",
]

[[package]]
name = "learn-opengl"
version = "0.0.1-alpha.0"
dependencies = [
 "beryllium",
 "bytemuck",
 "imagine",
 "ogl33",
 "ultraviolet",
]

[[package]]
name = "libc"
version = "0.2.66"
source = "registry+https://github.com/rust-lang/crates.io-index"
checksum = "d515b1f41455adea1313a4a2ac8a8a477634fbae63cc6100e3aebb207ce61558"

[[package]]
name = "malloc_buf"
version = "0.0.6"
source = "registry+https://github.com/rust-lang/crates.io-index"
checksum = "62bb907fe88d54d8d9ce32a3cceab4218ed2f6b7d35617cafe9adf84e43919cb"
dependencies = [
 "libc",
]

[[package]]
name = "objc"
version = "0.2.7"
source = "registry+https://github.com/rust-lang/crates.io-index"
checksum = "915b1b472bc21c53464d6c8461c9d3af805ba1ef837e1cac254428f4a77177b1"
dependencies = [
 "malloc_buf",
]

[[package]]
name = "ogl33"
version = "0.2.0"
source = "registry+https://github.com/rust-lang/crates.io-index"
checksum = "824cf1a81ae16877f90e9cdc4dcb51c833a0f8da6a7ca36a782a3a970fcd3e32"
dependencies = [
 "libc",
]

[[package]]
name = "safe_arch"
version = "0.5.2"
source = "registry+https://github.com/rust-lang/crates.io-index"
checksum = "c1ff3d6d9696af502cc3110dacce942840fb06ff4514cad92236ecc455f2ce05"
dependencies = [
 "bytemuck",
]

[[package]]
name = "ultraviolet"
version = "0.7.5"
source = "registry+https://github.com/rust-lang/crates.io-index"
checksum = "c6650a58414f856056ccc651abd3b9d80c384206250c3a621224497503a0f9f2"
dependencies = [
 "wide",
]

[[package]]
name = "wide"
version = "0.5.5"
source = "registry+https://github.com/rust-lang/crates.io-index"
checksum = "80b27c76ecc22bd81fe681d9c9eac81e002d7b7048105ee4608f57c4e92e9211"
dependencies = [
 "bytemuck",
 "safe_arch",
]
