# This file is automatically @generated by Cargo.
# It is not intended for manual editing.
version = 3

[[package]]
name = "beryllium"
version = "0.13.3"
source = "registry+https://github.com/rust-lang/crates.io-index"
checksum = "6ee6d43481642e570e0ca4ce19d95e15e1fea4936197eb16bc1f1513837b1f08"
dependencies = [
 "bytemuck",
 "fermium",
 "objc",
 "pixel_formats",
 "zstring",
]

[[package]]
name = "bitfrob"
version = "1.3.1"
source = "registry+https://github.com/rust-lang/crates.io-index"
checksum = "5a96c7c818dc8807bb1982dd2cba4c7de0ed6eba4ffb5fc24321d1b38676a120"

[[package]]
name = "bool32"
version = "0.1.1"
source = "registry+https://github.com/rust-lang/crates.io-index"
checksum = "e8459737325e57ad10b38dc1af42f9228005dd6a3e9f43bdd76c8ceb6e9c46fc"

[[package]]
name = "bytemuck"
version = "1.14.0"
source = "registry+https://github.com/rust-lang/crates.io-index"
checksum = "374d28ec25809ee0e23827c2ab573d729e293f281dfe393500e7ad618baa61c6"
dependencies = [
 "bytemuck_derive",
]

[[package]]
name = "bytemuck_derive"
version = "1.5.0"
source = "registry+https://github.com/rust-lang/crates.io-index"
checksum = "965ab7eb5f8f97d2a083c799f3a1b994fc397b2fe2da5d1da1626ce15a39f2b1"
dependencies = [
 "proc-macro2",
 "quote",
 "syn",
]

[[package]]
name = "fast-srgb8"
version = "1.0.0"
source = "registry+https://github.com/rust-lang/crates.io-index"
checksum = "dd2e7510819d6fbf51a5545c8f922716ecfb14df168a3242f7d33e0239efe6a1"

[[package]]
name = "fermium"
version = "22605.0.0"
source = "registry+https://github.com/rust-lang/crates.io-index"
checksum = "0c600c8c2396ad4229ce7c79dcac0cbe1be5fad1dc61b639573cbddeaed1a661"
dependencies = [
 "bool32",
]

[[package]]
name = "imagine"
version = "0.0.5"
source = "registry+https://github.com/rust-lang/crates.io-index"
checksum = "b66f20ef575a7087eed611a0d4ff4bd624d24bf9c63b4d614d2d8823090af75b"
dependencies = [
 "bytemuck",
]

[[package]]
name = "learn-opengl"
version = "0.0.1-alpha.0"
dependencies = [
 "beryllium",
 "bytemuck",
 "imagine",
 "ogl33",
 "ultraviolet",
]

[[package]]
name = "libc"
version = "0.2.66"
source = "registry+https://github.com/rust-lang/crates.io-index"
checksum = "d515b1f41455adea1313a4a2ac8a8a477634fbae63cc6100e3aebb207ce61558"

[[package]]
name = "malloc_buf"
version = "0.0.6"
source = "registry+https://github.com/rust-lang/crates.io-index"
checksum = "62bb907fe88d54d8d9ce32a3cceab4218ed2f6b7d35617cafe9adf84e43919cb"
dependencies = [
 "libc",
]

[[package]]
name = "objc"
version = "0.2.7"
source = "registry+https://github.com/rust-lang/crates.io-index"
checksum = "915b1b472bc21c53464d6c8461c9d3af805ba1ef837e1cac254428f4a77177b1"
dependencies = [
 "malloc_buf",
]

[[package]]
name = "ogl33"
version = "0.2.0"
source = "registry+https://github.com/rust-lang/crates.io-index"
checksum = "824cf1a81ae16877f90e9cdc4dcb51c833a0f8da6a7ca36a782a3a970fcd3e32"
dependencies = [
 "libc",
]

[[package]]
name = "pixel_formats"
version = "0.1.5"
source = "registry+https://github.com/rust-lang/crates.io-index"
checksum = "78312b2e968960ded35c4e5f6ef6b00ec47dcb254f3abb725b1d08c6d44198fd"
dependencies = [
 "bitfrob",
 "bytemuck",
 "fast-srgb8",
]

[[package]]
name = "proc-macro2"
version = "1.0.70"
source = "registry+https://github.com/rust-lang/crates.io-index"
checksum = "39278fbbf5fb4f646ce651690877f89d1c5811a3d4acb27700c1cb3cdb78fd3b"
dependencies = [
 "unicode-ident",
]

[[package]]
name = "ptr_iter"
version = "0.1.1"
source = "registry+https://github.com/rust-lang/crates.io-index"
checksum = "331cd2c60ff9d3f52f319b935028b91be5fadb93ca413f408747d91dca3aff28"

[[package]]
name = "quote"
version = "1.0.33"
source = "registry+https://github.com/rust-lang/crates.io-index"
checksum = "5267fca4496028628a95160fc423a33e8b2e6af8a5302579e322e4b520293cae"
dependencies = [
 "proc-macro2",
]

[[package]]
name = "safe_arch"
version = "0.5.2"
source = "registry+https://github.com/rust-lang/crates.io-index"
checksum = "c1ff3d6d9696af502cc3110dacce942840fb06ff4514cad92236ecc455f2ce05"
dependencies = [
 "bytemuck",
]

[[package]]
name = "syn"
version = "2.0.39"
source = "registry+https://github.com/rust-lang/crates.io-index"
checksum = "23e78b90f2fcf45d3e842032ce32e3f2d1545ba6636271dcbf24fa306d87be7a"
dependencies = [
 "proc-macro2",
 "quote",
 "unicode-ident",
]

[[package]]
name = "ultraviolet"
version = "0.7.5"
source = "registry+https://github.com/rust-lang/crates.io-index"
checksum = "c6650a58414f856056ccc651abd3b9d80c384206250c3a621224497503a0f9f2"
dependencies = [
 "wide",
]

[[package]]
name = "unicode-ident"
version = "1.0.12"
source = "registry+https://github.com/rust-lang/crates.io-index"
checksum = "3354b9ac3fae1ff6755cb6db53683adb661634f67557942dea4facebec0fee4b"

[[package]]
name = "wide"
version = "0.5.5"
source = "registry+https://github.com/rust-lang/crates.io-index"
checksum = "80b27c76ecc22bd81fe681d9c9eac81e002d7b7048105ee4608f57c4e92e9211"
dependencies = [
 "bytemuck",
 "safe_arch",
]

[[package]]
name = "zstring"
version = "0.2.4"
source = "registry+https://github.com/rust-lang/crates.io-index"
checksum = "2d64ee5f783fceb29945c98a527108dc9f940fc6c339337f6f939f325e25bc68"
dependencies = [
 "ptr_iter",
]
