# This file is automatically @generated by Cargo.
# It is not intended for manual editing.
[[package]]
name = "beryllium"
version = "0.2.0-alpha.2"
source = "registry+https://github.com/rust-lang/crates.io-index"
dependencies = [
 "fermium 0.1.4 (registry+https://github.com/rust-lang/crates.io-index)",
 "objc 0.2.7 (registry+https://github.com/rust-lang/crates.io-index)",
 "raw-window-handle 0.3.3 (registry+https://github.com/rust-lang/crates.io-index)",
]

[[package]]
name = "bytemuck"
version = "1.0.1"
source = "registry+https://github.com/rust-lang/crates.io-index"

[[package]]
name = "fermium"
version = "0.1.4"
source = "registry+https://github.com/rust-lang/crates.io-index"
dependencies = [
 "libc 0.2.66 (registry+https://github.com/rust-lang/crates.io-index)",
]

[[package]]
name = "imagine"
version = "0.0.2"
source = "registry+https://github.com/rust-lang/crates.io-index"
dependencies = [
 "bytemuck 1.0.1 (registry+https://github.com/rust-lang/crates.io-index)",
]

[[package]]
name = "learn-opengl"
version = "0.0.1-alpha.0"
dependencies = [
 "beryllium 0.2.0-alpha.2 (registry+https://github.com/rust-lang/crates.io-index)",
 "bytemuck 1.0.1 (registry+https://github.com/rust-lang/crates.io-index)",
 "imagine 0.0.2 (registry+https://github.com/rust-lang/crates.io-index)",
 "ogl33 0.2.0-alpha.1 (registry+https://github.com/rust-lang/crates.io-index)",
 "ultraviolet 0.3.3 (registry+https://github.com/rust-lang/crates.io-index)",
]

[[package]]
name = "libc"
version = "0.2.66"
source = "registry+https://github.com/rust-lang/crates.io-index"

[[package]]
name = "malloc_buf"
version = "0.0.6"
source = "registry+https://github.com/rust-lang/crates.io-index"
dependencies = [
 "libc 0.2.66 (registry+https://github.com/rust-lang/crates.io-index)",
]

[[package]]
name = "objc"
version = "0.2.7"
source = "registry+https://github.com/rust-lang/crates.io-index"
dependencies = [
 "malloc_buf 0.0.6 (registry+https://github.com/rust-lang/crates.io-index)",
]

[[package]]
name = "ogl33"
version = "0.2.0-alpha.1"
source = "registry+https://github.com/rust-lang/crates.io-index"
dependencies = [
 "libc 0.2.66 (registry+https://github.com/rust-lang/crates.io-index)",
]

[[package]]
name = "raw-window-handle"
version = "0.3.3"
source = "registry+https://github.com/rust-lang/crates.io-index"
dependencies = [
 "libc 0.2.66 (registry+https://github.com/rust-lang/crates.io-index)",
]

[[package]]
name = "ultraviolet"
version = "0.3.3"
source = "registry+https://github.com/rust-lang/crates.io-index"
dependencies = [
 "wide 0.3.2 (registry+https://github.com/rust-lang/crates.io-index)",
]

[[package]]
name = "wide"
version = "0.3.2"
source = "registry+https://github.com/rust-lang/crates.io-index"
dependencies = [
 "bytemuck 1.0.1 (registry+https://github.com/rust-lang/crates.io-index)",
]

[metadata]
"checksum beryllium 0.2.0-alpha.2 (registry+https://github.com/rust-lang/crates.io-index)" = "c1a021db1866bb3436fac693187965e28a712ffbefd979f33d036ee6a888cf07"
"checksum bytemuck 1.0.1 (registry+https://github.com/rust-lang/crates.io-index)" = "24f99434c5af25c3002973d0e93d24ca72a09a7c890068d7e4ccdd2ba2d53f9b"
"checksum fermium 0.1.4 (registry+https://github.com/rust-lang/crates.io-index)" = "e0db7d98893b18bff24e14593a05ff0dccba8cc6ed795dce5623213acffda87d"
"checksum imagine 0.0.2 (registry+https://github.com/rust-lang/crates.io-index)" = "450a5d7fe7b472f11ae5dc3275031a22f67118b504d5f38691c7d2f17980aebf"
"checksum libc 0.2.66 (registry+https://github.com/rust-lang/crates.io-index)" = "d515b1f41455adea1313a4a2ac8a8a477634fbae63cc6100e3aebb207ce61558"
"checksum malloc_buf 0.0.6 (registry+https://github.com/rust-lang/crates.io-index)" = "62bb907fe88d54d8d9ce32a3cceab4218ed2f6b7d35617cafe9adf84e43919cb"
"checksum objc 0.2.7 (registry+https://github.com/rust-lang/crates.io-index)" = "915b1b472bc21c53464d6c8461c9d3af805ba1ef837e1cac254428f4a77177b1"
"checksum ogl33 0.2.0-alpha.1 (registry+https://github.com/rust-lang/crates.io-index)" = "76b98a673f49ac11dba6b9683374344439fec66a4746a02d3caac14a30c8c2ac"
"checksum raw-window-handle 0.3.3 (registry+https://github.com/rust-lang/crates.io-index)" = "0a441a7a6c80ad6473bd4b74ec1c9a4c951794285bf941c2126f607c72e48211"
"checksum ultraviolet 0.3.3 (registry+https://github.com/rust-lang/crates.io-index)" = "53c20e1aefc2abf1467eaed9404865774ba32f0f0ca493952d733235efdcc9dc"
"checksum wide 0.3.2 (registry+https://github.com/rust-lang/crates.io-index)" = "a3cdbd2c50784dd32b342a80d940aac7928e099bb2789041e971de17e1358961"
